
Microsoft Visual Studio Solution File, Format Version 12.00
# Visual Studio 15
VisualStudioVersion = 15.0.28307.1738
MinimumVisualStudioVersion = 10.0.40219.1
Project("{FAE04EC0-301F-11D3-BF4B-00C04F79EFBC}") = "MP3_Player", "MP3_Player\MP3_Player.csproj", "{FDDB4834-3FB8-4089-BC0A-BCFDAAEBBE3A}"
EndProject
Global
	GlobalSection(SolutionConfigurationPlatforms) = preSolution
		Debug|Any CPU = Debug|Any CPU
		Release|Any CPU = Release|Any CPU
	EndGlobalSection
	GlobalSection(ProjectConfigurationPlatforms) = postSolution
		{FDDB4834-3FB8-4089-BC0A-BCFDAAEBBE3A}.Debug|Any CPU.ActiveCfg = Debug|Any CPU
		{FDDB4834-3FB8-4089-BC0A-BCFDAAEBBE3A}.Debug|Any CPU.Build.0 = Debug|Any CPU
		{FDDB4834-3FB8-4089-BC0A-BCFDAAEBBE3A}.Release|Any CPU.ActiveCfg = Release|Any CPU
		{FDDB4834-3FB8-4089-BC0A-BCFDAAEBBE3A}.Release|Any CPU.Build.0 = Release|Any CPU
	EndGlobalSection
	GlobalSection(SolutionProperties) = preSolution
		HideSolutionNode = FALSE
	EndGlobalSection
	GlobalSection(ExtensibilityGlobals) = postSolution
		SolutionGuid = {DD760365-0C97-4FFC-A952-C6854184AF0A}
	EndGlobalSection
EndGlobal
